
Microsoft Visual Studio Solution File, Format Version 12.00
# Visual Studio Version 16
VisualStudioVersion = 16.0.29613.14
MinimumVisualStudioVersion = 10.0.40219.1
Project("{FAE04EC0-301F-11D3-BF4B-00C04F79EFBC}") = "GDriveNotifier", "GDriveNotifier\GDriveNotifier.csproj", "{7D373C70-7187-49AE-BC1D-6816F437643F}"
EndProject
Global
	GlobalSection(SolutionConfigurationPlatforms) = preSolution
		Debug|Any CPU = Debug|Any CPU
		Release|Any CPU = Release|Any CPU
	EndGlobalSection
	GlobalSection(ProjectConfigurationPlatforms) = postSolution
		{7D373C70-7187-49AE-BC1D-6816F437643F}.Debug|Any CPU.ActiveCfg = Debug|Any CPU
		{7D373C70-7187-49AE-BC1D-6816F437643F}.Debug|Any CPU.Build.0 = Debug|Any CPU
		{7D373C70-7187-49AE-BC1D-6816F437643F}.Release|Any CPU.ActiveCfg = Release|Any CPU
		{7D373C70-7187-49AE-BC1D-6816F437643F}.Release|Any CPU.Build.0 = Release|Any CPU
	EndGlobalSection
	GlobalSection(SolutionProperties) = preSolution
		HideSolutionNode = FALSE
	EndGlobalSection
	GlobalSection(ExtensibilityGlobals) = postSolution
		SolutionGuid = {8D936672-E0AE-4737-816E-59313783641F}
	EndGlobalSection
EndGlobal
